
Microsoft Visual Studio Solution File, Format Version 12.00
# Visual Studio Version 17
VisualStudioVersion = 17.7.34024.191
MinimumVisualStudioVersion = 10.0.40219.1
Project("{FAE04EC0-301F-11D3-BF4B-00C04F79EFBC}") = "Lab4_2", "Lab4_2.csproj", "{6BD487DF-748F-4582-915E-0F45431DFCD5}"
EndProject
Global
	GlobalSection(SolutionConfigurationPlatforms) = preSolution
		Debug|Any CPU = Debug|Any CPU
		Release|Any CPU = Release|Any CPU
	EndGlobalSection
	GlobalSection(ProjectConfigurationPlatforms) = postSolution
		{6BD487DF-748F-4582-915E-0F45431DFCD5}.Debug|Any CPU.ActiveCfg = Debug|Any CPU
		{6BD487DF-748F-4582-915E-0F45431DFCD5}.Debug|Any CPU.Build.0 = Debug|Any CPU
		{6BD487DF-748F-4582-915E-0F45431DFCD5}.Release|Any CPU.ActiveCfg = Release|Any CPU
		{6BD487DF-748F-4582-915E-0F45431DFCD5}.Release|Any CPU.Build.0 = Release|Any CPU
	EndGlobalSection
	GlobalSection(SolutionProperties) = preSolution
		HideSolutionNode = FALSE
	EndGlobalSection
	GlobalSection(ExtensibilityGlobals) = postSolution
		SolutionGuid = {445D6383-FC43-4DB4-950F-40BB2FD8461F}
	EndGlobalSection
EndGlobal
