
Microsoft Visual Studio Solution File, Format Version 12.00
# Visual Studio Version 17
VisualStudioVersion = 17.7.34024.191
MinimumVisualStudioVersion = 10.0.40219.1
Project("{FAE04EC0-301F-11D3-BF4B-00C04F79EFBC}") = "Lab4_1", "Lab4_1.csproj", "{EA675A85-20E1-4310-978B-EB4BA2C9EFC7}"
EndProject
Global
	GlobalSection(SolutionConfigurationPlatforms) = preSolution
		Debug|Any CPU = Debug|Any CPU
		Release|Any CPU = Release|Any CPU
	EndGlobalSection
	GlobalSection(ProjectConfigurationPlatforms) = postSolution
		{EA675A85-20E1-4310-978B-EB4BA2C9EFC7}.Debug|Any CPU.ActiveCfg = Debug|Any CPU
		{EA675A85-20E1-4310-978B-EB4BA2C9EFC7}.Debug|Any CPU.Build.0 = Debug|Any CPU
		{EA675A85-20E1-4310-978B-EB4BA2C9EFC7}.Release|Any CPU.ActiveCfg = Release|Any CPU
		{EA675A85-20E1-4310-978B-EB4BA2C9EFC7}.Release|Any CPU.Build.0 = Release|Any CPU
	EndGlobalSection
	GlobalSection(SolutionProperties) = preSolution
		HideSolutionNode = FALSE
	EndGlobalSection
	GlobalSection(ExtensibilityGlobals) = postSolution
		SolutionGuid = {DEECE01C-FAA0-47ED-850A-36EFD7D52FEC}
	EndGlobalSection
EndGlobal
